
Microsoft Visual Studio Solution File, Format Version 12.00
Project("{FAE04EC0-301F-11D3-BF4B-00C04F79EFBC}") = "Server", "src\Server\Server.csproj", "{79DF4C07-1833-44F0-9484-6666756F7109}"
EndProject
Project("{FAE04EC0-301F-11D3-BF4B-00C04F79EFBC}") = "Client", "src\Client\Client.csproj", "{490DCCBA-1431-41AC-BD50-B50906BA7CEE}"
EndProject
Global
	GlobalSection(SolutionConfigurationPlatforms) = preSolution
		Debug|Any CPU = Debug|Any CPU
		Release|Any CPU = Release|Any CPU
	EndGlobalSection
	GlobalSection(ProjectConfigurationPlatforms) = postSolution
		{79DF4C07-1833-44F0-9484-6666756F7109}.Debug|Any CPU.ActiveCfg = Debug|Any CPU
		{79DF4C07-1833-44F0-9484-6666756F7109}.Debug|Any CPU.Build.0 = Debug|Any CPU
		{79DF4C07-1833-44F0-9484-6666756F7109}.Release|Any CPU.ActiveCfg = Release|Any CPU
		{79DF4C07-1833-44F0-9484-6666756F7109}.Release|Any CPU.Build.0 = Release|Any CPU
		{490DCCBA-1431-41AC-BD50-B50906BA7CEE}.Debug|Any CPU.ActiveCfg = Debug|Any CPU
		{490DCCBA-1431-41AC-BD50-B50906BA7CEE}.Debug|Any CPU.Build.0 = Debug|Any CPU
		{490DCCBA-1431-41AC-BD50-B50906BA7CEE}.Release|Any CPU.ActiveCfg = Release|Any CPU
		{490DCCBA-1431-41AC-BD50-B50906BA7CEE}.Release|Any CPU.Build.0 = Release|Any CPU
	EndGlobalSection
EndGlobal
